
Microsoft Visual Studio Solution File, Format Version 12.00
# Visual Studio Version 17
VisualStudioVersion = 17.5.002.0
MinimumVisualStudioVersion = 10.0.40219.1
Project("{9A19103F-16F7-4668-BE54-9A1E7A4F7556}") = "SistemaEstacionamento", "SistemaEstacionamento.csproj", "{AE7A0BBA-7A3D-418D-8FCF-795CCC24CAB4}"
EndProject
Global
	GlobalSection(SolutionConfigurationPlatforms) = preSolution
		Debug|Any CPU = Debug|Any CPU
		Release|Any CPU = Release|Any CPU
	EndGlobalSection
	GlobalSection(ProjectConfigurationPlatforms) = postSolution
		{AE7A0BBA-7A3D-418D-8FCF-795CCC24CAB4}.Debug|Any CPU.ActiveCfg = Debug|Any CPU
		{AE7A0BBA-7A3D-418D-8FCF-795CCC24CAB4}.Debug|Any CPU.Build.0 = Debug|Any CPU
		{AE7A0BBA-7A3D-418D-8FCF-795CCC24CAB4}.Release|Any CPU.ActiveCfg = Release|Any CPU
		{AE7A0BBA-7A3D-418D-8FCF-795CCC24CAB4}.Release|Any CPU.Build.0 = Release|Any CPU
	EndGlobalSection
	GlobalSection(SolutionProperties) = preSolution
		HideSolutionNode = FALSE
	EndGlobalSection
	GlobalSection(ExtensibilityGlobals) = postSolution
		SolutionGuid = {446A399D-B40C-49FE-8044-22DD21828453}
	EndGlobalSection
EndGlobal
